
Microsoft Visual Studio Solution File, Format Version 12.00
# Visual Studio Version 16
VisualStudioVersion = 25.0.1704.4
MinimumVisualStudioVersion = 10.0.40219.1
Project("{FAE04EC0-301F-11D3-BF4B-00C04F79EFBC}") = "unitygame", "unitygame\unitygame.csproj", "{C0D7892B-B3C3-43AB-9FA8-D8D1A873065A}"
EndProject
Global
	GlobalSection(SolutionConfigurationPlatforms) = preSolution
		Debug|Any CPU = Debug|Any CPU
		Release|Any CPU = Release|Any CPU
	EndGlobalSection
	GlobalSection(ProjectConfigurationPlatforms) = postSolution
		{C0D7892B-B3C3-43AB-9FA8-D8D1A873065A}.Debug|Any CPU.ActiveCfg = Debug|Any CPU
		{C0D7892B-B3C3-43AB-9FA8-D8D1A873065A}.Debug|Any CPU.Build.0 = Debug|Any CPU
		{C0D7892B-B3C3-43AB-9FA8-D8D1A873065A}.Release|Any CPU.ActiveCfg = Release|Any CPU
		{C0D7892B-B3C3-43AB-9FA8-D8D1A873065A}.Release|Any CPU.Build.0 = Release|Any CPU
	EndGlobalSection
	GlobalSection(SolutionProperties) = preSolution
		HideSolutionNode = FALSE
	EndGlobalSection
	GlobalSection(ExtensibilityGlobals) = postSolution
		SolutionGuid = {03A9E49D-12FA-4C78-AA37-BADED0703D9F}
	EndGlobalSection
EndGlobal
